
Microsoft Visual Studio Solution File, Format Version 12.00
# Visual Studio Version 17
VisualStudioVersion = 17.9.34728.123
MinimumVisualStudioVersion = 10.0.40219.1
Project("{9A19103F-16F7-4668-BE54-9A1E7A4F7556}") = "TaskHelper", "..\LibraryHelper\TaskHelper.csproj", "{F0032CD1-94AA-457D-8239-E2325DC4F2CD}"
EndProject
Project("{9A19103F-16F7-4668-BE54-9A1E7A4F7556}") = "BonusTask", "..\BonusTask\BonusTask.csproj", "{077808E2-FDD4-4606-ADC4-7048AF914286}"
EndProject
Project("{FAE04EC0-301F-11D3-BF4B-00C04F79EFBC}") = "Task", "Task\Task.csproj", "{F17502B9-0C8D-4A86-9A19-568D69A077DB}"
EndProject
Global
	GlobalSection(SolutionConfigurationPlatforms) = preSolution
		Debug|Any CPU = Debug|Any CPU
		Release|Any CPU = Release|Any CPU
	EndGlobalSection
	GlobalSection(ProjectConfigurationPlatforms) = postSolution
		{F0032CD1-94AA-457D-8239-E2325DC4F2CD}.Debug|Any CPU.ActiveCfg = Debug|Any CPU
		{F0032CD1-94AA-457D-8239-E2325DC4F2CD}.Debug|Any CPU.Build.0 = Debug|Any CPU
		{F0032CD1-94AA-457D-8239-E2325DC4F2CD}.Release|Any CPU.ActiveCfg = Release|Any CPU
		{F0032CD1-94AA-457D-8239-E2325DC4F2CD}.Release|Any CPU.Build.0 = Release|Any CPU
		{077808E2-FDD4-4606-ADC4-7048AF914286}.Debug|Any CPU.ActiveCfg = Debug|Any CPU
		{077808E2-FDD4-4606-ADC4-7048AF914286}.Debug|Any CPU.Build.0 = Debug|Any CPU
		{077808E2-FDD4-4606-ADC4-7048AF914286}.Release|Any CPU.ActiveCfg = Release|Any CPU
		{077808E2-FDD4-4606-ADC4-7048AF914286}.Release|Any CPU.Build.0 = Release|Any CPU
		{F17502B9-0C8D-4A86-9A19-568D69A077DB}.Debug|Any CPU.ActiveCfg = Debug|Any CPU
		{F17502B9-0C8D-4A86-9A19-568D69A077DB}.Debug|Any CPU.Build.0 = Debug|Any CPU
		{F17502B9-0C8D-4A86-9A19-568D69A077DB}.Release|Any CPU.ActiveCfg = Release|Any CPU
		{F17502B9-0C8D-4A86-9A19-568D69A077DB}.Release|Any CPU.Build.0 = Release|Any CPU
	EndGlobalSection
	GlobalSection(SolutionProperties) = preSolution
		HideSolutionNode = FALSE
	EndGlobalSection
	GlobalSection(ExtensibilityGlobals) = postSolution
		SolutionGuid = {462DA124-54BC-4EF8-BE04-03BBE57CB74C}
	EndGlobalSection
EndGlobal
